// !$*UTF8*$!
{
	archiveVersion = 1;
	classes = {
	};
	objectVersion = 55;
	objects = {

/* Begin PBXBuildFile section */
		8309A12E2C58587463511FAC /* Pods_l.framework in Frameworks */ = {isa = PBXBuildFile; fileRef = D6D7ECA97A4A5B52F1423E0D /* Pods_l.framework */; };
		B10DC9CD28174C490099953F /* AppDelegate.swift in Sources */ = {isa = PBXBuildFile; fileRef = B10DC9CC28174C490099953F /* AppDelegate.swift */; };
		B10DC9CF28174C490099953F /* SceneDelegate.swift in Sources */ = {isa = PBXBuildFile; fileRef = B10DC9CE28174C490099953F /* SceneDelegate.swift */; };
		B10DC9D128174C490099953F /* HomeViewController.swift in Sources */ = {isa = PBXBuildFile; fileRef = B10DC9D028174C490099953F /* HomeViewController.swift */; };
		B10DC9D428174C490099953F /* Main.storyboard in Resources */ = {isa = PBXBuildFile; fileRef = B10DC9D228174C490099953F /* Main.storyboard */; };
		B10DC9D628174C4A0099953F /* Assets.xcassets in Resources */ = {isa = PBXBuildFile; fileRef = B10DC9D528174C4A0099953F /* Assets.xcassets */; };
		B10DC9D928174C4A0099953F /* LaunchScreen.storyboard in Resources */ = {isa = PBXBuildFile; fileRef = B10DC9D728174C4A0099953F /* LaunchScreen.storyboard */; };
		B10DC9E628174E680099953F /* BmiViewController.swift in Sources */ = {isa = PBXBuildFile; fileRef = B10DC9E528174E680099953F /* BmiViewController.swift */; };
		B10DC9EA28174EC00099953F /* NotificationsViewController.swift in Sources */ = {isa = PBXBuildFile; fileRef = B10DC9E928174EC00099953F /* NotificationsViewController.swift */; };
		B10DC9EC28174EE30099953F /* ProfileViewController.swift in Sources */ = {isa = PBXBuildFile; fileRef = B10DC9EB28174EE30099953F /* ProfileViewController.swift */; };
		B124C707281C3D9C00C46492 /* FormTableViewCell.swift in Sources */ = {isa = PBXBuildFile; fileRef = B124C706281C3D9C00C46492 /* FormTableViewCell.swift */; };
		B124C70A281C5A4700C46492 /* PhotoCollectionViewCell.swift in Sources */ = {isa = PBXBuildFile; fileRef = B124C709281C5A4700C46492 /* PhotoCollectionViewCell.swift */; };
		B124C70C281C5AB200C46492 /* ProfileInfoHeaderCollectionReusableView.swift in Sources */ = {isa = PBXBuildFile; fileRef = B124C70B281C5AB200C46492 /* ProfileInfoHeaderCollectionReusableView.swift */; };
		B124C70E281C5AEA00C46492 /* ProfileTabsCollectionReusableView.swift in Sources */ = {isa = PBXBuildFile; fileRef = B124C70D281C5AEA00C46492 /* ProfileTabsCollectionReusableView.swift */; };
		B124C710281C857400C46492 /* Models.swift in Sources */ = {isa = PBXBuildFile; fileRef = B124C70F281C857400C46492 /* Models.swift */; };
		B124C712281CB36D00C46492 /* UserFollowTableViewCell.swift in Sources */ = {isa = PBXBuildFile; fileRef = B124C711281CB36D00C46492 /* UserFollowTableViewCell.swift */; };
		B1436BCE28180BEF006DBB2D /* GoogleService-Info.plist in Resources */ = {isa = PBXBuildFile; fileRef = B1436BCD28180BEF006DBB2D /* GoogleService-Info.plist */; };
		B1436BD1281811FB006DBB2D /* DatabaseManager.swift in Sources */ = {isa = PBXBuildFile; fileRef = B1436BD0281811FB006DBB2D /* DatabaseManager.swift */; };
		B1436BD328181293006DBB2D /* AuthManager.swift in Sources */ = {isa = PBXBuildFile; fileRef = B1436BD228181293006DBB2D /* AuthManager.swift */; };
		B1436BD5281812CC006DBB2D /* StorageManager.swift in Sources */ = {isa = PBXBuildFile; fileRef = B1436BD4281812CC006DBB2D /* StorageManager.swift */; };
		B1436BD7281820CE006DBB2D /* Extensions.swift in Sources */ = {isa = PBXBuildFile; fileRef = B1436BD6281820CE006DBB2D /* Extensions.swift */; };
		B14C1900281BECC700421AE1 /* FeedPostTableViewCell.swift in Sources */ = {isa = PBXBuildFile; fileRef = B14C18FF281BECC700421AE1 /* FeedPostTableViewCell.swift */; };
		B14C1902281BECE400421AE1 /* FeedPostHeaderTableViewCell.swift in Sources */ = {isa = PBXBuildFile; fileRef = B14C1901281BECE400421AE1 /* FeedPostHeaderTableViewCell.swift */; };
		B14C1904281BECF700421AE1 /* FeedPostActionsTableViewCell.swift in Sources */ = {isa = PBXBuildFile; fileRef = B14C1903281BECF700421AE1 /* FeedPostActionsTableViewCell.swift */; };
		B14C1906281BED1800421AE1 /* FeedPostGeneralTableViewCell.swift in Sources */ = {isa = PBXBuildFile; fileRef = B14C1905281BED1800421AE1 /* FeedPostGeneralTableViewCell.swift */; };
		B16D3F9428242D970016D6BD /* BmiInfoViewController.swift in Sources */ = {isa = PBXBuildFile; fileRef = B16D3F9328242D970016D6BD /* BmiInfoViewController.swift */; };
		B17EC2A92821C21600A5F6D9 /* Realm_DB.swift in Sources */ = {isa = PBXBuildFile; fileRef = B17EC2A82821C21600A5F6D9 /* Realm_DB.swift */; };
		B182E214281D54AD0084F92A /* NoNotificationsView.swift in Sources */ = {isa = PBXBuildFile; fileRef = B182E213281D54AD0084F92A /* NoNotificationsView.swift */; };
		B182E217281D59D10084F92A /* NotificationFollowEventTableViewCell.swift in Sources */ = {isa = PBXBuildFile; fileRef = B182E216281D59D10084F92A /* NotificationFollowEventTableViewCell.swift */; };
		B182E219281D59FA0084F92A /* NotificationLikeEventTableViewCell.swift in Sources */ = {isa = PBXBuildFile; fileRef = B182E218281D59FA0084F92A /* NotificationLikeEventTableViewCell.swift */; };
		B190A16228268CE90050A0AC /* tall.mp4 in Resources */ = {isa = PBXBuildFile; fileRef = B190A16128268CE90050A0AC /* tall.mp4 */; };
		B1CC4B6E2817511E001FAF60 /* LoginViewController.swift in Sources */ = {isa = PBXBuildFile; fileRef = B1CC4B6D2817511E001FAF60 /* LoginViewController.swift */; };
		B1CC4B7028175137001FAF60 /* RegistrationViewController.swift in Sources */ = {isa = PBXBuildFile; fileRef = B1CC4B6F28175137001FAF60 /* RegistrationViewController.swift */; };
		B1CC4B7228175178001FAF60 /* PostViewController.swift in Sources */ = {isa = PBXBuildFile; fileRef = B1CC4B7128175178001FAF60 /* PostViewController.swift */; };
		B1CC4B74281751A5001FAF60 /* EditProfileViewController.swift in Sources */ = {isa = PBXBuildFile; fileRef = B1CC4B73281751A5001FAF60 /* EditProfileViewController.swift */; };
		B1CC4B76281751DE001FAF60 /* SettingsViewController.swift in Sources */ = {isa = PBXBuildFile; fileRef = B1CC4B75281751DE001FAF60 /* SettingsViewController.swift */; };
		B1CC4B7828175204001FAF60 /* ListViewController.swift in Sources */ = {isa = PBXBuildFile; fileRef = B1CC4B7728175204001FAF60 /* ListViewController.swift */; };
		B1CC4B7E2817527E001FAF60 /* PostEditorViewController.swift in Sources */ = {isa = PBXBuildFile; fileRef = B1CC4B7D2817527E001FAF60 /* PostEditorViewController.swift */; };
		B1CC4B80281752A6001FAF60 /* PublishPostViewController.swift in Sources */ = {isa = PBXBuildFile; fileRef = B1CC4B7F281752A6001FAF60 /* PublishPostViewController.swift */; };
/* End PBXBuildFile section */

/* Begin PBXFileReference section */
		6A8C9E1392FE94181476B225 /* Pods-l.release.xcconfig */ = {isa = PBXFileReference; includeInIndex = 1; lastKnownFileType = text.xcconfig; name = "Pods-l.release.xcconfig"; path = "Target Support Files/Pods-l/Pods-l.release.xcconfig"; sourceTree = "<group>"; };
		B10DC9C928174C490099953F /* l.app */ = {isa = PBXFileReference; explicitFileType = wrapper.application; includeInIndex = 0; path = l.app; sourceTree = BUILT_PRODUCTS_DIR; };
		B10DC9CC28174C490099953F /* AppDelegate.swift */ = {isa = PBXFileReference; lastKnownFileType = sourcecode.swift; path = AppDelegate.swift; sourceTree = "<group>"; };
		B10DC9CE28174C490099953F /* SceneDelegate.swift */ = {isa = PBXFileReference; lastKnownFileType = sourcecode.swift; path = SceneDelegate.swift; sourceTree = "<group>"; };
		B10DC9D028174C490099953F /* HomeViewController.swift */ = {isa = PBXFileReference; lastKnownFileType = sourcecode.swift; path = HomeViewController.swift; sourceTree = "<group>"; };
		B10DC9D328174C490099953F /* Base */ = {isa = PBXFileReference; lastKnownFileType = file.storyboard; name = Base; path = Base.lproj/Main.storyboard; sourceTree = "<group>"; };
		B10DC9D528174C4A0099953F /* Assets.xcassets */ = {isa = PBXFileReference; lastKnownFileType = folder.assetcatalog; path = Assets.xcassets; sourceTree = "<group>"; };
		B10DC9D828174C4A0099953F /* Base */ = {isa = PBXFileReference; lastKnownFileType = file.storyboard; name = Base; path = Base.lproj/LaunchScreen.storyboard; sourceTree = "<group>"; };
		B10DC9DA28174C4A0099953F /* Info.plist */ = {isa = PBXFileReference; lastKnownFileType = text.plist.xml; path = Info.plist; sourceTree = "<group>"; };
		B10DC9E528174E680099953F /* BmiViewController.swift */ = {isa = PBXFileReference; lastKnownFileType = sourcecode.swift; path = BmiViewController.swift; sourceTree = "<group>"; };
		B10DC9E928174EC00099953F /* NotificationsViewController.swift */ = {isa = PBXFileReference; lastKnownFileType = sourcecode.swift; path = NotificationsViewController.swift; sourceTree = "<group>"; };
		B10DC9EB28174EE30099953F /* ProfileViewController.swift */ = {isa = PBXFileReference; lastKnownFileType = sourcecode.swift; path = ProfileViewController.swift; sourceTree = "<group>"; };
		B124C706281C3D9C00C46492 /* FormTableViewCell.swift */ = {isa = PBXFileReference; lastKnownFileType = sourcecode.swift; path = FormTableViewCell.swift; sourceTree = "<group>"; };
		B124C709281C5A4700C46492 /* PhotoCollectionViewCell.swift */ = {isa = PBXFileReference; lastKnownFileType = sourcecode.swift; path = PhotoCollectionViewCell.swift; sourceTree = "<group>"; };
		B124C70B281C5AB200C46492 /* ProfileInfoHeaderCollectionReusableView.swift */ = {isa = PBXFileReference; lastKnownFileType = sourcecode.swift; path = ProfileInfoHeaderCollectionReusableView.swift; sourceTree = "<group>"; };
		B124C70D281C5AEA00C46492 /* ProfileTabsCollectionReusableView.swift */ = {isa = PBXFileReference; lastKnownFileType = sourcecode.swift; path = ProfileTabsCollectionReusableView.swift; sourceTree = "<group>"; };
		B124C70F281C857400C46492 /* Models.swift */ = {isa = PBXFileReference; lastKnownFileType = sourcecode.swift; path = Models.swift; sourceTree = "<group>"; };
		B124C711281CB36D00C46492 /* UserFollowTableViewCell.swift */ = {isa = PBXFileReference; lastKnownFileType = sourcecode.swift; path = UserFollowTableViewCell.swift; sourceTree = "<group>"; };
		B1436BCD28180BEF006DBB2D /* GoogleService-Info.plist */ = {isa = PBXFileReference; fileEncoding = 4; lastKnownFileType = text.plist.xml; path = "GoogleService-Info.plist"; sourceTree = "<group>"; };
		B1436BD0281811FB006DBB2D /* DatabaseManager.swift */ = {isa = PBXFileReference; lastKnownFileType = sourcecode.swift; path = DatabaseManager.swift; sourceTree = "<group>"; };
		B1436BD228181293006DBB2D /* AuthManager.swift */ = {isa = PBXFileReference; lastKnownFileType = sourcecode.swift; path = AuthManager.swift; sourceTree = "<group>"; };
		B1436BD4281812CC006DBB2D /* StorageManager.swift */ = {isa = PBXFileReference; lastKnownFileType = sourcecode.swift; path = StorageManager.swift; sourceTree = "<group>"; };
		B1436BD6281820CE006DBB2D /* Extensions.swift */ = {isa = PBXFileReference; lastKnownFileType = sourcecode.swift; path = Extensions.swift; sourceTree = "<group>"; };
		B14C18FF281BECC700421AE1 /* FeedPostTableViewCell.swift */ = {isa = PBXFileReference; lastKnownFileType = sourcecode.swift; path = FeedPostTableViewCell.swift; sourceTree = "<group>"; };
		B14C1901281BECE400421AE1 /* FeedPostHeaderTableViewCell.swift */ = {isa = PBXFileReference; lastKnownFileType = sourcecode.swift; path = FeedPostHeaderTableViewCell.swift; sourceTree = "<group>"; };
		B14C1903281BECF700421AE1 /* FeedPostActionsTableViewCell.swift */ = {isa = PBXFileReference; lastKnownFileType = sourcecode.swift; path = FeedPostActionsTableViewCell.swift; sourceTree = "<group>"; };
		B14C1905281BED1800421AE1 /* FeedPostGeneralTableViewCell.swift */ = {isa = PBXFileReference; lastKnownFileType = sourcecode.swift; path = FeedPostGeneralTableViewCell.swift; sourceTree = "<group>"; };
		B16D3F9328242D970016D6BD /* BmiInfoViewController.swift */ = {isa = PBXFileReference; lastKnownFileType = sourcecode.swift; path = BmiInfoViewController.swift; sourceTree = "<group>"; };
		B17EC2A82821C21600A5F6D9 /* Realm_DB.swift */ = {isa = PBXFileReference; lastKnownFileType = sourcecode.swift; path = Realm_DB.swift; sourceTree = "<group>"; };
		B182E213281D54AD0084F92A /* NoNotificationsView.swift */ = {isa = PBXFileReference; lastKnownFileType = sourcecode.swift; path = NoNotificationsView.swift; sourceTree = "<group>"; };
		B182E216281D59D10084F92A /* NotificationFollowEventTableViewCell.swift */ = {isa = PBXFileReference; lastKnownFileType = sourcecode.swift; path = NotificationFollowEventTableViewCell.swift; sourceTree = "<group>"; };
		B182E218281D59FA0084F92A /* NotificationLikeEventTableViewCell.swift */ = {isa = PBXFileReference; lastKnownFileType = sourcecode.swift; path = NotificationLikeEventTableViewCell.swift; sourceTree = "<group>"; };
		B190A16128268CE90050A0AC /* tall.mp4 */ = {isa = PBXFileReference; lastKnownFileType = file; path = tall.mp4; sourceTree = "<group>"; };
		B1CC4B6D2817511E001FAF60 /* LoginViewController.swift */ = {isa = PBXFileReference; lastKnownFileType = sourcecode.swift; path = LoginViewController.swift; sourceTree = "<group>"; };
		B1CC4B6F28175137001FAF60 /* RegistrationViewController.swift */ = {isa = PBXFileReference; lastKnownFileType = sourcecode.swift; path = RegistrationViewController.swift; sourceTree = "<group>"; };
		B1CC4B7128175178001FAF60 /* PostViewController.swift */ = {isa = PBXFileReference; lastKnownFileType = sourcecode.swift; path = PostViewController.swift; sourceTree = "<group>"; };
		B1CC4B73281751A5001FAF60 /* EditProfileViewController.swift */ = {isa = PBXFileReference; lastKnownFileType = sourcecode.swift; path = EditProfileViewController.swift; sourceTree = "<group>"; };
		B1CC4B75281751DE001FAF60 /* SettingsViewController.swift */ = {isa = PBXFileReference; lastKnownFileType = sourcecode.swift; path = SettingsViewController.swift; sourceTree = "<group>"; };
		B1CC4B7728175204001FAF60 /* ListViewController.swift */ = {isa = PBXFileReference; lastKnownFileType = sourcecode.swift; path = ListViewController.swift; sourceTree = "<group>"; };
		B1CC4B7D2817527E001FAF60 /* PostEditorViewController.swift */ = {isa = PBXFileReference; lastKnownFileType = sourcecode.swift; path = PostEditorViewController.swift; sourceTree = "<group>"; };
		B1CC4B7F281752A6001FAF60 /* PublishPostViewController.swift */ = {isa = PBXFileReference; lastKnownFileType = sourcecode.swift; path = PublishPostViewController.swift; sourceTree = "<group>"; };
		D6D7ECA97A4A5B52F1423E0D /* Pods_l.framework */ = {isa = PBXFileReference; explicitFileType = wrapper.framework; includeInIndex = 0; path = Pods_l.framework; sourceTree = BUILT_PRODUCTS_DIR; };
		E4993749119AC646BBBA220A /* Pods-l.debug.xcconfig */ = {isa = PBXFileReference; includeInIndex = 1; lastKnownFileType = text.xcconfig; name = "Pods-l.debug.xcconfig"; path = "Target Support Files/Pods-l/Pods-l.debug.xcconfig"; sourceTree = "<group>"; };
/* End PBXFileReference section */

/* Begin PBXFrameworksBuildPhase section */
		B10DC9C628174C490099953F /* Frameworks */ = {
			isa = PBXFrameworksBuildPhase;
			buildActionMask = 2147483647;
			files = (
				8309A12E2C58587463511FAC /* Pods_l.framework in Frameworks */,
			);
			runOnlyForDeploymentPostprocessing = 0;
		};
/* End PBXFrameworksBuildPhase section */

/* Begin PBXGroup section */
		24CE7CBE3C8CE4495A33EF15 /* Frameworks */ = {
			isa = PBXGroup;
			children = (
				D6D7ECA97A4A5B52F1423E0D /* Pods_l.framework */,
			);
			name = Frameworks;
			sourceTree = "<group>";
		};
		6EF98EAFE8B2E2018D4CFD16 /* Pods */ = {
			isa = PBXGroup;
			children = (
				E4993749119AC646BBBA220A /* Pods-l.debug.xcconfig */,
				6A8C9E1392FE94181476B225 /* Pods-l.release.xcconfig */,
			);
			path = Pods;
			sourceTree = "<group>";
		};
		B10DC9C028174C490099953F = {
			isa = PBXGroup;
			children = (
				B10DC9CB28174C490099953F /* l */,
				B10DC9CA28174C490099953F /* Products */,
				6EF98EAFE8B2E2018D4CFD16 /* Pods */,
				24CE7CBE3C8CE4495A33EF15 /* Frameworks */,
			);
			sourceTree = "<group>";
		};
		B10DC9CA28174C490099953F /* Products */ = {
			isa = PBXGroup;
			children = (
				B10DC9C928174C490099953F /* l.app */,
			);
			name = Products;
			sourceTree = "<group>";
		};
		B10DC9CB28174C490099953F /* l */ = {
			isa = PBXGroup;
			children = (
				B10DC9DA28174C4A0099953F /* Info.plist */,
				B10DC9E328174CC60099953F /* Resources */,
				B10DC9E228174CC00099953F /* Models */,
				B10DC9E128174CBA0099953F /* Views */,
				B10DC9E028174CB10099953F /* Controllers */,
			);
			path = l;
			sourceTree = "<group>";
		};
		B10DC9E028174CB10099953F /* Controllers */ = {
			isa = PBXGroup;
			children = (
				B10DC9EE28174FE00099953F /* Others */,
				B10DC9ED28174F110099953F /* Core Tabs */,
			);
			path = Controllers;
			sourceTree = "<group>";
		};
		B10DC9E128174CBA0099953F /* Views */ = {
			isa = PBXGroup;
			children = (
				B124C708281C59FE00C46492 /* CollectionView Headers */,
				B14C18FD281BEC9F00421AE1 /* Cells */,
				B10DC9D528174C4A0099953F /* Assets.xcassets */,
				B10DC9E428174D3B0099953F /* Storyboards */,
				B182E213281D54AD0084F92A /* NoNotificationsView.swift */,
			);
			path = Views;
			sourceTree = "<group>";
		};
		B10DC9E228174CC00099953F /* Models */ = {
			isa = PBXGroup;
			children = (
				B124C70F281C857400C46492 /* Models.swift */,
			);
			path = Models;
			sourceTree = "<group>";
		};
		B10DC9E328174CC60099953F /* Resources */ = {
			isa = PBXGroup;
			children = (
				B190A16128268CE90050A0AC /* tall.mp4 */,
				B1436BCD28180BEF006DBB2D /* GoogleService-Info.plist */,
				B10DC9CE28174C490099953F /* SceneDelegate.swift */,
				B10DC9CC28174C490099953F /* AppDelegate.swift */,
				B1436BD0281811FB006DBB2D /* DatabaseManager.swift */,
				B1436BD228181293006DBB2D /* AuthManager.swift */,
				B1436BD4281812CC006DBB2D /* StorageManager.swift */,
				B1436BD6281820CE006DBB2D /* Extensions.swift */,
				B17EC2A82821C21600A5F6D9 /* Realm_DB.swift */,
			);
			path = Resources;
			sourceTree = "<group>";
		};
		B10DC9E428174D3B0099953F /* Storyboards */ = {
			isa = PBXGroup;
			children = (
				B10DC9D728174C4A0099953F /* LaunchScreen.storyboard */,
				B10DC9D228174C490099953F /* Main.storyboard */,
			);
			path = Storyboards;
			sourceTree = "<group>";
		};
		B10DC9ED28174F110099953F /* Core Tabs */ = {
			isa = PBXGroup;
			children = (
				B10DC9EB28174EE30099953F /* ProfileViewController.swift */,
				B10DC9E928174EC00099953F /* NotificationsViewController.swift */,
				B10DC9E528174E680099953F /* BmiViewController.swift */,
				B10DC9D028174C490099953F /* HomeViewController.swift */,
				B16D3F9328242D970016D6BD /* BmiInfoViewController.swift */,
			);
			path = "Core Tabs";
			sourceTree = "<group>";
		};
		B10DC9EE28174FE00099953F /* Others */ = {
			isa = PBXGroup;
			children = (
				B1CC4B6C28175103001FAF60 /* Onboarding */,
				B1436BCF281810F0006DBB2D /* General */,
			);
			path = Others;
			sourceTree = "<group>";
		};
		B124C708281C59FE00C46492 /* CollectionView Headers */ = {
			isa = PBXGroup;
			children = (
				B124C70B281C5AB200C46492 /* ProfileInfoHeaderCollectionReusableView.swift */,
				B124C70D281C5AEA00C46492 /* ProfileTabsCollectionReusableView.swift */,
			);
			path = "CollectionView Headers";
			sourceTree = "<group>";
		};
		B1436BCF281810F0006DBB2D /* General */ = {
			isa = PBXGroup;
			children = (
				B1CC4B7128175178001FAF60 /* PostViewController.swift */,
				B1CC4B73281751A5001FAF60 /* EditProfileViewController.swift */,
				B1CC4B75281751DE001FAF60 /* SettingsViewController.swift */,
				B1CC4B7728175204001FAF60 /* ListViewController.swift */,
				B1CC4B7D2817527E001FAF60 /* PostEditorViewController.swift */,
				B1CC4B7F281752A6001FAF60 /* PublishPostViewController.swift */,
			);
			path = General;
			sourceTree = "<group>";
		};
		B14C18FD281BEC9F00421AE1 /* Cells */ = {
			isa = PBXGroup;
			children = (
				B182E215281D597C0084F92A /* Notifications */,
				B14C18FE281BECA700421AE1 /* Home Feed & Posts */,
				B124C706281C3D9C00C46492 /* FormTableViewCell.swift */,
				B124C709281C5A4700C46492 /* PhotoCollectionViewCell.swift */,
				B124C711281CB36D00C46492 /* UserFollowTableViewCell.swift */,
			);
			path = Cells;
			sourceTree = "<group>";
		};
		B14C18FE281BECA700421AE1 /* Home Feed & Posts */ = {
			isa = PBXGroup;
			children = (
				B14C18FF281BECC700421AE1 /* FeedPostTableViewCell.swift */,
				B14C1901281BECE400421AE1 /* FeedPostHeaderTableViewCell.swift */,
				B14C1903281BECF700421AE1 /* FeedPostActionsTableViewCell.swift */,
				B14C1905281BED1800421AE1 /* FeedPostGeneralTableViewCell.swift */,
			);
			path = "Home Feed & Posts";
			sourceTree = "<group>";
		};
		B182E215281D597C0084F92A /* Notifications */ = {
			isa = PBXGroup;
			children = (
				B182E216281D59D10084F92A /* NotificationFollowEventTableViewCell.swift */,
				B182E218281D59FA0084F92A /* NotificationLikeEventTableViewCell.swift */,
			);
			path = Notifications;
			sourceTree = "<group>";
		};
		B1CC4B6C28175103001FAF60 /* Onboarding */ = {
			isa = PBXGroup;
			children = (
				B1CC4B6D2817511E001FAF60 /* LoginViewController.swift */,
				B1CC4B6F28175137001FAF60 /* RegistrationViewController.swift */,
			);
			path = Onboarding;
			sourceTree = "<group>";
		};
/* End PBXGroup section */

/* Begin PBXNativeTarget section */
		B10DC9C828174C490099953F /* l */ = {
			isa = PBXNativeTarget;
			buildConfigurationList = B10DC9DD28174C4A0099953F /* Build configuration list for PBXNativeTarget "l" */;
			buildPhases = (
				035949D4CE418042B3C16E00 /* [CP] Check Pods Manifest.lock */,
				B10DC9C528174C490099953F /* Sources */,
				B10DC9C628174C490099953F /* Frameworks */,
				B10DC9C728174C490099953F /* Resources */,
				45A2429EB5042375F65529D9 /* [CP] Embed Pods Frameworks */,
			);
			buildRules = (
			);
			dependencies = (
			);
			name = l;
			productName = l;
			productReference = B10DC9C928174C490099953F /* l.app */;
			productType = "com.apple.product-type.application";
		};
/* End PBXNativeTarget section */

/* Begin PBXProject section */
		B10DC9C128174C490099953F /* Project object */ = {
			isa = PBXProject;
			attributes = {
				BuildIndependentTargetsInParallel = 1;
				LastSwiftUpdateCheck = 1330;
				LastUpgradeCheck = 1330;
				TargetAttributes = {
					B10DC9C828174C490099953F = {
						CreatedOnToolsVersion = 13.3.1;
					};
				};
			};
			buildConfigurationList = B10DC9C428174C490099953F /* Build configuration list for PBXProject "l" */;
			compatibilityVersion = "Xcode 13.0";
			developmentRegion = en;
			hasScannedForEncodings = 0;
			knownRegions = (
				en,
				Base,
			);
			mainGroup = B10DC9C028174C490099953F;
			productRefGroup = B10DC9CA28174C490099953F /* Products */;
			projectDirPath = "";
			projectRoot = "";
			targets = (
				B10DC9C828174C490099953F /* l */,
			);
		};
/* End PBXProject section */

/* Begin PBXResourcesBuildPhase section */
		B10DC9C728174C490099953F /* Resources */ = {
			isa = PBXResourcesBuildPhase;
			buildActionMask = 2147483647;
			files = (
				B10DC9D928174C4A0099953F /* LaunchScreen.storyboard in Resources */,
				B1436BCE28180BEF006DBB2D /* GoogleService-Info.plist in Resources */,
				B10DC9D628174C4A0099953F /* Assets.xcassets in Resources */,
				B190A16228268CE90050A0AC /* tall.mp4 in Resources */,
				B10DC9D428174C490099953F /* Main.storyboard in Resources */,
			);
			runOnlyForDeploymentPostprocessing = 0;
		};
/* End PBXResourcesBuildPhase section */

/* Begin PBXShellScriptBuildPhase section */
		035949D4CE418042B3C16E00 /* [CP] Check Pods Manifest.lock */ = {
			isa = PBXShellScriptBuildPhase;
			buildActionMask = 2147483647;
			files = (
			);
			inputFileListPaths = (
			);
			inputPaths = (
				"${PODS_PODFILE_DIR_PATH}/Podfile.lock",
				"${PODS_ROOT}/Manifest.lock",
			);
			name = "[CP] Check Pods Manifest.lock";
			outputFileListPaths = (
			);
			outputPaths = (
				"$(DERIVED_FILE_DIR)/Pods-l-checkManifestLockResult.txt",
			);
			runOnlyForDeploymentPostprocessing = 0;
			shellPath = /bin/sh;
			shellScript = "diff \"${PODS_PODFILE_DIR_PATH}/Podfile.lock\" \"${PODS_ROOT}/Manifest.lock\" > /dev/null\nif [ $? != 0 ] ; then\n    # print error to STDERR\n    echo \"error: The sandbox is not in sync with the Podfile.lock. Run 'pod install' or update your CocoaPods installation.\" >&2\n    exit 1\nfi\n# This output is used by Xcode 'outputs' to avoid re-running this script phase.\necho \"SUCCESS\" > \"${SCRIPT_OUTPUT_FILE_0}\"\n";
			showEnvVarsInLog = 0;
		};
		45A2429EB5042375F65529D9 /* [CP] Embed Pods Frameworks */ = {
			isa = PBXShellScriptBuildPhase;
			buildActionMask = 2147483647;
			files = (
			);
			inputFileListPaths = (
				"${PODS_ROOT}/Target Support Files/Pods-l/Pods-l-frameworks-${CONFIGURATION}-input-files.xcfilelist",
			);
			name = "[CP] Embed Pods Frameworks";
			outputFileListPaths = (
				"${PODS_ROOT}/Target Support Files/Pods-l/Pods-l-frameworks-${CONFIGURATION}-output-files.xcfilelist",
			);
			runOnlyForDeploymentPostprocessing = 0;
			shellPath = /bin/sh;
			shellScript = "\"${PODS_ROOT}/Target Support Files/Pods-l/Pods-l-frameworks.sh\"\n";
			showEnvVarsInLog = 0;
		};
/* End PBXShellScriptBuildPhase section */

/* Begin PBXSourcesBuildPhase section */
		B10DC9C528174C490099953F /* Sources */ = {
			isa = PBXSourcesBuildPhase;
			buildActionMask = 2147483647;
			files = (
				B1CC4B74281751A5001FAF60 /* EditProfileViewController.swift in Sources */,
				B10DC9E628174E680099953F /* BmiViewController.swift in Sources */,
				B1CC4B80281752A6001FAF60 /* PublishPostViewController.swift in Sources */,
				B14C1906281BED1800421AE1 /* FeedPostGeneralTableViewCell.swift in Sources */,
				B14C1904281BECF700421AE1 /* FeedPostActionsTableViewCell.swift in Sources */,
				B10DC9D128174C490099953F /* HomeViewController.swift in Sources */,
				B14C1900281BECC700421AE1 /* FeedPostTableViewCell.swift in Sources */,
				B1CC4B7028175137001FAF60 /* RegistrationViewController.swift in Sources */,
				B124C707281C3D9C00C46492 /* FormTableViewCell.swift in Sources */,
				B182E214281D54AD0084F92A /* NoNotificationsView.swift in Sources */,
				B1CC4B7E2817527E001FAF60 /* PostEditorViewController.swift in Sources */,
				B16D3F9428242D970016D6BD /* BmiInfoViewController.swift in Sources */,
				B1436BD5281812CC006DBB2D /* StorageManager.swift in Sources */,
				B182E219281D59FA0084F92A /* NotificationLikeEventTableViewCell.swift in Sources */,
				B182E217281D59D10084F92A /* NotificationFollowEventTableViewCell.swift in Sources */,
				B124C712281CB36D00C46492 /* UserFollowTableViewCell.swift in Sources */,
				B1CC4B7228175178001FAF60 /* PostViewController.swift in Sources */,
				B1436BD1281811FB006DBB2D /* DatabaseManager.swift in Sources */,
				B124C70C281C5AB200C46492 /* ProfileInfoHeaderCollectionReusableView.swift in Sources */,
				B10DC9EA28174EC00099953F /* NotificationsViewController.swift in Sources */,
				B1CC4B6E2817511E001FAF60 /* LoginViewController.swift in Sources */,
				B124C70E281C5AEA00C46492 /* ProfileTabsCollectionReusableView.swift in Sources */,
				B1436BD7281820CE006DBB2D /* Extensions.swift in Sources */,
				B17EC2A92821C21600A5F6D9 /* Realm_DB.swift in Sources */,
				B10DC9EC28174EE30099953F /* ProfileViewController.swift in Sources */,
				B1436BD328181293006DBB2D /* AuthManager.swift in Sources */,
				B124C710281C857400C46492 /* Models.swift in Sources */,
				B10DC9CD28174C490099953F /* AppDelegate.swift in Sources */,
				B10DC9CF28174C490099953F /* SceneDelegate.swift in Sources */,
				B1CC4B7828175204001FAF60 /* ListViewController.swift in Sources */,
				B124C70A281C5A4700C46492 /* PhotoCollectionViewCell.swift in Sources */,
				B14C1902281BECE400421AE1 /* FeedPostHeaderTableViewCell.swift in Sources */,
				B1CC4B76281751DE001FAF60 /* SettingsViewController.swift in Sources */,
			);
			runOnlyForDeploymentPostprocessing = 0;
		};
/* End PBXSourcesBuildPhase section */

/* Begin PBXVariantGroup section */
		B10DC9D228174C490099953F /* Main.storyboard */ = {
			isa = PBXVariantGroup;
			children = (
				B10DC9D328174C490099953F /* Base */,
			);
			name = Main.storyboard;
			sourceTree = "<group>";
		};
		B10DC9D728174C4A0099953F /* LaunchScreen.storyboard */ = {
			isa = PBXVariantGroup;
			children = (
				B10DC9D828174C4A0099953F /* Base */,
			);
			name = LaunchScreen.storyboard;
			sourceTree = "<group>";
		};
/* End PBXVariantGroup section */

/* Begin XCBuildConfiguration section */
		B10DC9DB28174C4A0099953F /* Debug */ = {
			isa = XCBuildConfiguration;
			buildSettings = {
				ALWAYS_SEARCH_USER_PATHS = NO;
				CLANG_ANALYZER_NONNULL = YES;
				CLANG_ANALYZER_NUMBER_OBJECT_CONVERSION = YES_AGGRESSIVE;
				CLANG_CXX_LANGUAGE_STANDARD = "gnu++17";
				CLANG_ENABLE_MODULES = YES;
				CLANG_ENABLE_OBJC_ARC = YES;
				CLANG_ENABLE_OBJC_WEAK = YES;
				CLANG_WARN_BLOCK_CAPTURE_AUTORELEASING = YES;
				CLANG_WARN_BOOL_CONVERSION = YES;
				CLANG_WARN_COMMA = YES;
				CLANG_WARN_CONSTANT_CONVERSION = YES;
				CLANG_WARN_DEPRECATED_OBJC_IMPLEMENTATIONS = YES;
				CLANG_WARN_DIRECT_OBJC_ISA_USAGE = YES_ERROR;
				CLANG_WARN_DOCUMENTATION_COMMENTS = YES;
				CLANG_WARN_EMPTY_BODY = YES;
				CLANG_WARN_ENUM_CONVERSION = YES;
				CLANG_WARN_INFINITE_RECURSION = YES;
				CLANG_WARN_INT_CONVERSION = YES;
				CLANG_WARN_NON_LITERAL_NULL_CONVERSION = YES;
				CLANG_WARN_OBJC_IMPLICIT_RETAIN_SELF = YES;
				CLANG_WARN_OBJC_LITERAL_CONVERSION = YES;
				CLANG_WARN_OBJC_ROOT_CLASS = YES_ERROR;
				CLANG_WARN_QUOTED_INCLUDE_IN_FRAMEWORK_HEADER = YES;
				CLANG_WARN_RANGE_LOOP_ANALYSIS = YES;
				CLANG_WARN_STRICT_PROTOTYPES = YES;
				CLANG_WARN_SUSPICIOUS_MOVE = YES;
				CLANG_WARN_UNGUARDED_AVAILABILITY = YES_AGGRESSIVE;
				CLANG_WARN_UNREACHABLE_CODE = YES;
				CLANG_WARN__DUPLICATE_METHOD_MATCH = YES;
				COPY_PHASE_STRIP = NO;
				DEBUG_INFORMATION_FORMAT = dwarf;
				ENABLE_STRICT_OBJC_MSGSEND = YES;
				ENABLE_TESTABILITY = YES;
				GCC_C_LANGUAGE_STANDARD = gnu11;
				GCC_DYNAMIC_NO_PIC = NO;
				GCC_NO_COMMON_BLOCKS = YES;
				GCC_OPTIMIZATION_LEVEL = 0;
				GCC_PREPROCESSOR_DEFINITIONS = (
					"DEBUG=1",
					"$(inherited)",
				);
				GCC_WARN_64_TO_32_BIT_CONVERSION = YES;
				GCC_WARN_ABOUT_RETURN_TYPE = YES_ERROR;
				GCC_WARN_UNDECLARED_SELECTOR = YES;
				GCC_WARN_UNINITIALIZED_AUTOS = YES_AGGRESSIVE;
				GCC_WARN_UNUSED_FUNCTION = YES;
				GCC_WARN_UNUSED_VARIABLE = YES;
				IPHONEOS_DEPLOYMENT_TARGET = 15.4;
				MTL_ENABLE_DEBUG_INFO = INCLUDE_SOURCE;
				MTL_FAST_MATH = YES;
				ONLY_ACTIVE_ARCH = YES;
				SDKROOT = iphoneos;
				SWIFT_ACTIVE_COMPILATION_CONDITIONS = DEBUG;
				SWIFT_OPTIMIZATION_LEVEL = "-Onone";
			};
			name = Debug;
		};
		B10DC9DC28174C4A0099953F /* Release */ = {
			isa = XCBuildConfiguration;
			buildSettings = {
				ALWAYS_SEARCH_USER_PATHS = NO;
				CLANG_ANALYZER_NONNULL = YES;
				CLANG_ANALYZER_NUMBER_OBJECT_CONVERSION = YES_AGGRESSIVE;
				CLANG_CXX_LANGUAGE_STANDARD = "gnu++17";
				CLANG_ENABLE_MODULES = YES;
				CLANG_ENABLE_OBJC_ARC = YES;
				CLANG_ENABLE_OBJC_WEAK = YES;
				CLANG_WARN_BLOCK_CAPTURE_AUTORELEASING = YES;
				CLANG_WARN_BOOL_CONVERSION = YES;
				CLANG_WARN_COMMA = YES;
				CLANG_WARN_CONSTANT_CONVERSION = YES;
				CLANG_WARN_DEPRECATED_OBJC_IMPLEMENTATIONS = YES;
				CLANG_WARN_DIRECT_OBJC_ISA_USAGE = YES_ERROR;
				CLANG_WARN_DOCUMENTATION_COMMENTS = YES;
				CLANG_WARN_EMPTY_BODY = YES;
				CLANG_WARN_ENUM_CONVERSION = YES;
				CLANG_WARN_INFINITE_RECURSION = YES;
				CLANG_WARN_INT_CONVERSION = YES;
				CLANG_WARN_NON_LITERAL_NULL_CONVERSION = YES;
				CLANG_WARN_OBJC_IMPLICIT_RETAIN_SELF = YES;
				CLANG_WARN_OBJC_LITERAL_CONVERSION = YES;
				CLANG_WARN_OBJC_ROOT_CLASS = YES_ERROR;
				CLANG_WARN_QUOTED_INCLUDE_IN_FRAMEWORK_HEADER = YES;
				CLANG_WARN_RANGE_LOOP_ANALYSIS = YES;
				CLANG_WARN_STRICT_PROTOTYPES = YES;
				CLANG_WARN_SUSPICIOUS_MOVE = YES;
				CLANG_WARN_UNGUARDED_AVAILABILITY = YES_AGGRESSIVE;
				CLANG_WARN_UNREACHABLE_CODE = YES;
				CLANG_WARN__DUPLICATE_METHOD_MATCH = YES;
				COPY_PHASE_STRIP = NO;
				DEBUG_INFORMATION_FORMAT = "dwarf-with-dsym";
				ENABLE_NS_ASSERTIONS = NO;
				ENABLE_STRICT_OBJC_MSGSEND = YES;
				GCC_C_LANGUAGE_STANDARD = gnu11;
				GCC_NO_COMMON_BLOCKS = YES;
				GCC_WARN_64_TO_32_BIT_CONVERSION = YES;
				GCC_WARN_ABOUT_RETURN_TYPE = YES_ERROR;
				GCC_WARN_UNDECLARED_SELECTOR = YES;
				GCC_WARN_UNINITIALIZED_AUTOS = YES_AGGRESSIVE;
				GCC_WARN_UNUSED_FUNCTION = YES;
				GCC_WARN_UNUSED_VARIABLE = YES;
				IPHONEOS_DEPLOYMENT_TARGET = 15.4;
				MTL_ENABLE_DEBUG_INFO = NO;
				MTL_FAST_MATH = YES;
				SDKROOT = iphoneos;
				SWIFT_COMPILATION_MODE = wholemodule;
				SWIFT_OPTIMIZATION_LEVEL = "-O";
				VALIDATE_PRODUCT = YES;
			};
			name = Release;
		};
		B10DC9DE28174C4A0099953F /* Debug */ = {
			isa = XCBuildConfiguration;
			baseConfigurationReference = E4993749119AC646BBBA220A /* Pods-l.debug.xcconfig */;
			buildSettings = {
				ASSETCATALOG_COMPILER_APPICON_NAME = AppIcon;
				ASSETCATALOG_COMPILER_GLOBAL_ACCENT_COLOR_NAME = AccentColor;
				CODE_SIGN_STYLE = Automatic;
				CURRENT_PROJECT_VERSION = 1;
				GENERATE_INFOPLIST_FILE = YES;
				INFOPLIST_FILE = l/Info.plist;
				INFOPLIST_KEY_UIApplicationSupportsIndirectInputEvents = YES;
				INFOPLIST_KEY_UILaunchStoryboardName = LaunchScreen;
				INFOPLIST_KEY_UIMainStoryboardFile = Main;
				INFOPLIST_KEY_UISupportedInterfaceOrientations = UIInterfaceOrientationPortrait;
				INFOPLIST_KEY_UISupportedInterfaceOrientations_iPad = "UIInterfaceOrientationPortrait UIInterfaceOrientationPortraitUpsideDown UIInterfaceOrientationLandscapeLeft UIInterfaceOrientationLandscapeRight";
				INFOPLIST_KEY_UISupportedInterfaceOrientations_iPhone = "UIInterfaceOrientationPortrait UIInterfaceOrientationLandscapeLeft UIInterfaceOrientationLandscapeRight";
				IPHONEOS_DEPLOYMENT_TARGET = 13.0;
				LD_RUNPATH_SEARCH_PATHS = (
					"$(inherited)",
					"@executable_path/Frameworks",
				);
				MARKETING_VERSION = 1.0;
				PRODUCT_BUNDLE_IDENTIFIER = nu.l;
				PRODUCT_NAME = "$(TARGET_NAME)";
				SWIFT_EMIT_LOC_STRINGS = YES;
				SWIFT_VERSION = 5.0;
				TARGETED_DEVICE_FAMILY = "1,2";
			};
			name = Debug;
		};
		B10DC9DF28174C4A0099953F /* Release */ = {
			isa = XCBuildConfiguration;
			baseConfigurationReference = 6A8C9E1392FE94181476B225 /* Pods-l.release.xcconfig */;
			buildSettings = {
				ASSETCATALOG_COMPILER_APPICON_NAME = AppIcon;
				ASSETCATALOG_COMPILER_GLOBAL_ACCENT_COLOR_NAME = AccentColor;
				CODE_SIGN_STYLE = Automatic;
				CURRENT_PROJECT_VERSION = 1;
				GENERATE_INFOPLIST_FILE = YES;
				INFOPLIST_FILE = l/Info.plist;
				INFOPLIST_KEY_UIApplicationSupportsIndirectInputEvents = YES;
				INFOPLIST_KEY_UILaunchStoryboardName = LaunchScreen;
				INFOPLIST_KEY_UIMainStoryboardFile = Main;
				INFOPLIST_KEY_UISupportedInterfaceOrientations = UIInterfaceOrientationPortrait;
				INFOPLIST_KEY_UISupportedInterfaceOrientations_iPad = "UIInterfaceOrientationPortrait UIInterfaceOrientationPortraitUpsideDown UIInterfaceOrientationLandscapeLeft UIInterfaceOrientationLandscapeRight";
				INFOPLIST_KEY_UISupportedInterfaceOrientations_iPhone = "UIInterfaceOrientationPortrait UIInterfaceOrientationLandscapeLeft UIInterfaceOrientationLandscapeRight";
				IPHONEOS_DEPLOYMENT_TARGET = 13.0;
				LD_RUNPATH_SEARCH_PATHS = (
					"$(inherited)",
					"@executable_path/Frameworks",
				);
				MARKETING_VERSION = 1.0;
				PRODUCT_BUNDLE_IDENTIFIER = nu.l;
				PRODUCT_NAME = "$(TARGET_NAME)";
				SWIFT_EMIT_LOC_STRINGS = YES;
				SWIFT_VERSION = 5.0;
				TARGETED_DEVICE_FAMILY = "1,2";
			};
			name = Release;
		};
/* End XCBuildConfiguration section */

/* Begin XCConfigurationList section */
		B10DC9C428174C490099953F /* Build configuration list for PBXProject "l" */ = {
			isa = XCConfigurationList;
			buildConfigurations = (
				B10DC9DB28174C4A0099953F /* Debug */,
				B10DC9DC28174C4A0099953F /* Release */,
			);
			defaultConfigurationIsVisible = 0;
			defaultConfigurationName = Release;
		};
		B10DC9DD28174C4A0099953F /* Build configuration list for PBXNativeTarget "l" */ = {
			isa = XCConfigurationList;
			buildConfigurations = (
				B10DC9DE28174C4A0099953F /* Debug */,
				B10DC9DF28174C4A0099953F /* Release */,
			);
			defaultConfigurationIsVisible = 0;
			defaultConfigurationName = Release;
		};
/* End XCConfigurationList section */
	};
	rootObject = B10DC9C128174C490099953F /* Project object */;
}
